<?xml version="1.0" encoding="utf-8"?>
<Project ToolsVersion="4.0" xmlns="http://schemas.microsoft.com/developer/msbuild/2003">
  <ItemGroup>
    <ApplicationDefinition Include="App.xaml" />
  </ItemGroup>
  <ItemGroup>
    <ClCompile Include="HomeGridItem.cpp" />
    <ClCompile Include="ObjectModel\AppSettings.cpp" />
    <ClCompile Include="ObjectModel\ColorScheme.cpp" />
    <ClCompile Include="ObjectModel\ColorSchemeModel.cpp" />
    <ClCompile Include="ObjectModel\GlobalSettings.cpp" />
    <ClCompile Include="ObjectModel\GlobalSettingsModel.cpp" />
    <ClCompile Include="ObjectModel\Profile.cpp" />
    <ClCompile Include="pch.cpp" />
    <ClCompile Include="$(GeneratedFilesDir)module.g.cpp" />
    <ClCompile Include="Utils.cpp" />
    <ClCompile Include="SettingsControlViewModel.cpp" />
    <ClCompile Include="ObjectModel\Command.cpp" />
    <ClCompile Include="ObjectModel\CommandListModel.cpp" />
    <ClCompile Include="ObjectModel\CommandModel.cpp" />
  </ItemGroup>
  <ItemGroup>
    <ClInclude Include="HomeGridItem.h" />
    <ClInclude Include="ObjectModel\AppSettings.h" />
    <ClInclude Include="ObjectModel\ColorScheme.h" />
    <ClInclude Include="ObjectModel\ColorSchemeModel.h" />
    <ClInclude Include="ObjectModel\GlobalSettings.h" />
    <ClInclude Include="ObjectModel\GlobalSettingsModel.h" />
    <ClInclude Include="ObjectModel\Profile.h" />
    <ClInclude Include="pch.h" />
    <ClInclude Include="Utils.h" />
    <ClInclude Include="SettingsControlViewModel.h" />
    <ClInclude Include="ObjectModel\Command.h" />
    <ClInclude Include="ObjectModel\CommandListModel.h" />
    <ClInclude Include="ObjectModel\CommandModel.h" />
  </ItemGroup>
  <ItemGroup>
    <Image Include="Assets\AllTerminalColorSchemes (2).png" />
    <Image Include="Assets\AllTerminalColorSchemes (3).png" />
    <Image Include="Assets\AllTerminalColorSchemes (4).png" />
    <Image Include="Assets\AllTerminalColorSchemes (5).png" />
    <Image Include="Assets\AllTerminalColorSchemes (6).png" />
    <Image Include="Assets\AllTerminalColorSchemes (7).png" />
    <Image Include="Assets\AllTerminalProfiles (2).png" />
    <Image Include="Assets\AllTerminalProfiles (3).png" />
    <Image Include="Assets\AllTerminalProfiles (4).png" />
    <Image Include="Assets\AllTerminalProfiles (5).png" />
    <Image Include="Assets\AllTerminalProfiles (6).png" />
    <Image Include="Assets\AllTerminalProfiles (7).png" />
    <Image Include="Assets\LockScreenLogo.scale-200.png" />
    <Image Include="Assets\SplashScreen.scale-200.png" />
    <Image Include="Assets\Square150x150Logo.scale-200.png" />
    <Image Include="Assets\Square44x44Logo.scale-200.png" />
    <Image Include="Assets\Square44x44Logo.targetsize-24_altform-unplated.png" />
    <Image Include="Assets\StoreLogo.png" />
    <Image Include="Assets\Wide310x150Logo.scale-200.png" />
  </ItemGroup>
  <ItemGroup>
    <AppxManifest Include="Package.appxmanifest" />
  </ItemGroup>
  <ItemGroup>
    <Midl Include="ObjectModel\ColorScheme.idl" />
    <Midl Include="HomeGridItem.idl" />
    <Midl Include="ObjectModel\ColorSchemeModel.idl" />
    <Midl Include="ObjectModel\GlobalSettings.idl" />
    <Midl Include="ObjectModel\GlobalSettingsModel.idl" />
    <Midl Include="ObjectModel\Profile.idl" />
    <Midl Include="ObjectModel\ProfileModel.idl" />
    <Midl Include="SettingsControlViewModel.idl" />
    <Midl Include="ObjectModel\Command.idl" />
    <Midl Include="ObjectModel\CommandListModel.idl" />
    <Midl Include="ObjectModel\CommandModel.idl" />
  </ItemGroup>
  <ItemGroup>
    <None Include="packages.config" />
    <None Include="PropertySheet.props" />
  </ItemGroup>
  <ItemGroup>
    <Text Include="readme.txt" />
  </ItemGroup>
  <ItemGroup>
    <Page Include="AddProfile.xaml" />
    <Page Include="GlobalAppearance.xaml" />
    <Page Include="ColorSchemes.xaml" />
    <Page Include="Globals.xaml" />
    <Page Include="Home.xaml" />
    <Page Include="Interaction.xaml" />
    <Page Include="Keybindings.xaml" />
    <Page Include="Launch.xaml" />
    <Page Include="MainPage.xaml" />
    <Page Include="SplitPaneOptionPanelControl.xaml" />
    <Page Include="NewTabOptionPanelControl.xaml" />
    <Page Include="Profiles.xaml" />
    <Page Include="Rendering.xaml" />
  </ItemGroup>
</Project>